
Microsoft Visual Studio Solution File, Format Version 12.00
# Visual Studio 15
VisualStudioVersion = 15.0.26430.6
MinimumVisualStudioVersion = 10.0.40219.1
Project("{FAE04EC0-301F-11D3-BF4B-00C04F79EFBC}") = "PB.ITOps.Messaging.PatLite", "PB.ITOps.Messaging.PatLite\PB.ITOps.Messaging.PatLite.csproj", "{8BE4D60E-65AE-4872-AF04-C78A0CEA79A9}"
EndProject
Project("{FAE04EC0-301F-11D3-BF4B-00C04F79EFBC}") = "TestSubscriber", "TestSubscriber\TestSubscriber.csproj", "{B40358A6-19E6-438C-9571-AA8FF74A892E}"
EndProject
Project("{FAE04EC0-301F-11D3-BF4B-00C04F79EFBC}") = "PB.ITOps.Messaging.PatLite.UnitTests", "PB.ITOps.Messaging.PatLite.UnitTests\PB.ITOps.Messaging.PatLite.UnitTests.csproj", "{7CE8B253-6A7A-4A71-B76E-67AE2485B7F2}"
EndProject
Project("{FAE04EC0-301F-11D3-BF4B-00C04F79EFBC}") = "PB.ITOps.Messaging.PatLite.StructureMap4", "PB.ITOps.Messaging.PatLite.StructureMap4\PB.ITOps.Messaging.PatLite.StructureMap4.csproj", "{6D2E3EF0-76D5-4206-84FC-735EAC75BB27}"
EndProject
Project("{FAE04EC0-301F-11D3-BF4B-00C04F79EFBC}") = "PB.ITOps.Messaging.PatLite.MonitoringPolicy", "PB.ITOps.Messaging.PatLite.MonitoringPolicy\PB.ITOps.Messaging.PatLite.MonitoringPolicy.csproj", "{E6EEAACE-2358-47F6-AEC7-D7F0884BA356}"
EndProject
Project("{FAE04EC0-301F-11D3-BF4B-00C04F79EFBC}") = "PB.ITOps.Messaging.PatLite.Net.Core.DependencyResolution", "PB.ITOps.Messaging.PatLite.Net.Core.DependencyResolution\PB.ITOps.Messaging.PatLite.Net.Core.DependencyResolution.csproj", "{601C8FBD-1DFE-4635-9FFA-50CA18209A3C}"
EndProject
Global
	GlobalSection(SolutionConfigurationPlatforms) = preSolution
		Debug|Any CPU = Debug|Any CPU
		Release|Any CPU = Release|Any CPU
	EndGlobalSection
	GlobalSection(ProjectConfigurationPlatforms) = postSolution
		{8BE4D60E-65AE-4872-AF04-C78A0CEA79A9}.Debug|Any CPU.ActiveCfg = Debug|Any CPU
		{8BE4D60E-65AE-4872-AF04-C78A0CEA79A9}.Debug|Any CPU.Build.0 = Debug|Any CPU
		{8BE4D60E-65AE-4872-AF04-C78A0CEA79A9}.Release|Any CPU.ActiveCfg = Release|Any CPU
		{8BE4D60E-65AE-4872-AF04-C78A0CEA79A9}.Release|Any CPU.Build.0 = Release|Any CPU
		{B40358A6-19E6-438C-9571-AA8FF74A892E}.Debug|Any CPU.ActiveCfg = Debug|Any CPU
		{B40358A6-19E6-438C-9571-AA8FF74A892E}.Debug|Any CPU.Build.0 = Debug|Any CPU
		{B40358A6-19E6-438C-9571-AA8FF74A892E}.Release|Any CPU.ActiveCfg = Release|Any CPU
		{B40358A6-19E6-438C-9571-AA8FF74A892E}.Release|Any CPU.Build.0 = Release|Any CPU
		{7CE8B253-6A7A-4A71-B76E-67AE2485B7F2}.Debug|Any CPU.ActiveCfg = Debug|Any CPU
		{7CE8B253-6A7A-4A71-B76E-67AE2485B7F2}.Debug|Any CPU.Build.0 = Debug|Any CPU
		{7CE8B253-6A7A-4A71-B76E-67AE2485B7F2}.Release|Any CPU.ActiveCfg = Release|Any CPU
		{7CE8B253-6A7A-4A71-B76E-67AE2485B7F2}.Release|Any CPU.Build.0 = Release|Any CPU
		{6D2E3EF0-76D5-4206-84FC-735EAC75BB27}.Debug|Any CPU.ActiveCfg = Debug|Any CPU
		{6D2E3EF0-76D5-4206-84FC-735EAC75BB27}.Debug|Any CPU.Build.0 = Debug|Any CPU
		{6D2E3EF0-76D5-4206-84FC-735EAC75BB27}.Release|Any CPU.ActiveCfg = Release|Any CPU
		{6D2E3EF0-76D5-4206-84FC-735EAC75BB27}.Release|Any CPU.Build.0 = Release|Any CPU
		{E6EEAACE-2358-47F6-AEC7-D7F0884BA356}.Debug|Any CPU.ActiveCfg = Debug|Any CPU
		{E6EEAACE-2358-47F6-AEC7-D7F0884BA356}.Debug|Any CPU.Build.0 = Debug|Any CPU
		{E6EEAACE-2358-47F6-AEC7-D7F0884BA356}.Release|Any CPU.ActiveCfg = Release|Any CPU
		{E6EEAACE-2358-47F6-AEC7-D7F0884BA356}.Release|Any CPU.Build.0 = Release|Any CPU
		{601C8FBD-1DFE-4635-9FFA-50CA18209A3C}.Debug|Any CPU.ActiveCfg = Debug|Any CPU
		{601C8FBD-1DFE-4635-9FFA-50CA18209A3C}.Debug|Any CPU.Build.0 = Debug|Any CPU
		{601C8FBD-1DFE-4635-9FFA-50CA18209A3C}.Release|Any CPU.ActiveCfg = Release|Any CPU
		{601C8FBD-1DFE-4635-9FFA-50CA18209A3C}.Release|Any CPU.Build.0 = Release|Any CPU
	EndGlobalSection
	GlobalSection(SolutionProperties) = preSolution
		HideSolutionNode = FALSE
	EndGlobalSection
EndGlobal
